
Microsoft Visual Studio Solution File, Format Version 12.00
# Visual Studio 2013
VisualStudioVersion = 12.0.30723.0
MinimumVisualStudioVersion = 10.0.40219.1
Project("{FAE04EC0-301F-11D3-BF4B-00C04F79EFBC}") = "Beyond Crisis Website", "Beyond Crisis Website\Beyond Crisis Website.csproj", "{28646F95-3DC0-4F41-81C1-52D8449DF68C}"
EndProject
Global
	GlobalSection(SolutionConfigurationPlatforms) = preSolution
		Debug|Any CPU = Debug|Any CPU
		Release|Any CPU = Release|Any CPU
	EndGlobalSection
	GlobalSection(ProjectConfigurationPlatforms) = postSolution
		{28646F95-3DC0-4F41-81C1-52D8449DF68C}.Debug|Any CPU.ActiveCfg = Debug|Any CPU
		{28646F95-3DC0-4F41-81C1-52D8449DF68C}.Debug|Any CPU.Build.0 = Debug|Any CPU
		{28646F95-3DC0-4F41-81C1-52D8449DF68C}.Release|Any CPU.ActiveCfg = Release|Any CPU
		{28646F95-3DC0-4F41-81C1-52D8449DF68C}.Release|Any CPU.Build.0 = Release|Any CPU
	EndGlobalSection
	GlobalSection(SolutionProperties) = preSolution
		HideSolutionNode = FALSE
	EndGlobalSection
EndGlobal
